
Microsoft Visual Studio Solution File, Format Version 12.00
# Visual Studio Version 16
VisualStudioVersion = 16.0.30330.147
MinimumVisualStudioVersion = 10.0.40219.1
Project("{FAE04EC0-301F-11D3-BF4B-00C04F79EFBC}") = "Service03_SE_2015_015", "Service03_SE_2015_015\Service03_SE_2015_015.csproj", "{7BBEADDC-B4BF-4241-BB8A-949A74692917}"
EndProject
Global
	GlobalSection(SolutionConfigurationPlatforms) = preSolution
		Debug|Any CPU = Debug|Any CPU
		Release|Any CPU = Release|Any CPU
	EndGlobalSection
	GlobalSection(ProjectConfigurationPlatforms) = postSolution
		{7BBEADDC-B4BF-4241-BB8A-949A74692917}.Debug|Any CPU.ActiveCfg = Debug|Any CPU
		{7BBEADDC-B4BF-4241-BB8A-949A74692917}.Debug|Any CPU.Build.0 = Debug|Any CPU
		{7BBEADDC-B4BF-4241-BB8A-949A74692917}.Release|Any CPU.ActiveCfg = Release|Any CPU
		{7BBEADDC-B4BF-4241-BB8A-949A74692917}.Release|Any CPU.Build.0 = Release|Any CPU
	EndGlobalSection
	GlobalSection(SolutionProperties) = preSolution
		HideSolutionNode = FALSE
	EndGlobalSection
	GlobalSection(ExtensibilityGlobals) = postSolution
		SolutionGuid = {AB9CAB36-DBF0-4AB6-AD4C-7AB0349C0241}
	EndGlobalSection
EndGlobal
